
Microsoft Visual Studio Solution File, Format Version 12.00
# Visual Studio Version 17
VisualStudioVersion = 17.12.35527.113
MinimumVisualStudioVersion = 10.0.40219.1
Project("{2150E333-8FDC-42A3-9474-1A3956D46DE8}") = "src", "src", "{071D69FF-3B36-4989-B809-BD2704302862}"
EndProject
Project("{2150E333-8FDC-42A3-9474-1A3956D46DE8}") = "Core", "Core", "{1E6702BA-5BF7-4C00-B4A7-BDE716AD1EB4}"
EndProject
Project("{2150E333-8FDC-42A3-9474-1A3956D46DE8}") = "Infra", "Infra", "{8941230E-E410-400C-9BD5-6ED9488E6C63}"
EndProject
Project("{2150E333-8FDC-42A3-9474-1A3956D46DE8}") = "Presentation", "Presentation", "{B8700A87-A480-44ED-971F-0909CDEC72A3}"
EndProject
Project("{2150E333-8FDC-42A3-9474-1A3956D46DE8}") = "Utils", "Utils", "{C3E0D83C-796A-4E39-BE62-2869365E7FBF}"
EndProject
Project("{2150E333-8FDC-42A3-9474-1A3956D46DE8}") = "test", "test", "{47F9C06F-1070-4FD2-8B20-F44A4EE89329}"
EndProject
Project("{FAE04EC0-301F-11D3-BF4B-00C04F79EFBC}") = "CharityHub.Core.Application", "src\Core\CharityHub.Core.Application\CharityHub.Core.Application.csproj", "{44D5B9FB-8977-4E8E-BEC6-FE96A23622BA}"
EndProject
Project("{FAE04EC0-301F-11D3-BF4B-00C04F79EFBC}") = "CharityHub.Core.Contract", "src\Core\CharityHub.Core.Contract\CharityHub.Core.Contract.csproj", "{A5034656-05E5-4CD2-B5BE-0165D6C13F55}"
EndProject
Project("{FAE04EC0-301F-11D3-BF4B-00C04F79EFBC}") = "CharityHub.Core.Domain", "src\Core\CharityHub.Core.Domain\CharityHub.Core.Domain.csproj", "{3B0F58EE-A021-4568-8A43-B8814B179C4E}"
EndProject
Project("{FAE04EC0-301F-11D3-BF4B-00C04F79EFBC}") = "CharityHub.Core.DomainService", "src\Core\CharityHub.Core.DomainService\CharityHub.Core.DomainService.csproj", "{F807D6B9-4837-4AF5-8A56-BC934D8F60E4}"
EndProject
Project("{FAE04EC0-301F-11D3-BF4B-00C04F79EFBC}") = "CharityHub.Infra.Identity", "src\Infra\CharityHub.Infra.Identity\CharityHub.Infra.Identity.csproj", "{C4146EFC-D008-40DB-A7A4-301611F60485}"
EndProject
Project("{FAE04EC0-301F-11D3-BF4B-00C04F79EFBC}") = "CharityHub.Infra.Sql", "src\Infra\CharityHub.Infra.Sql\CharityHub.Infra.Sql.csproj", "{E593084A-F075-4995-8946-18F156F6731B}"
EndProject
Project("{FAE04EC0-301F-11D3-BF4B-00C04F79EFBC}") = "CharityHub.Endpoints", "src\Presentation\CharityHub.Endpoints\CharityHub.Endpoints.csproj", "{B6C42D48-7E44-4502-BE30-43C3D5C9D908}"
EndProject
Project("{FAE04EC0-301F-11D3-BF4B-00C04F79EFBC}") = "CharityHub.Utils.Extensions", "src\Utils\CharityHub.Utils.Extensions\CharityHub.Utils.Extensions.csproj", "{D00748D7-A9E7-4D3C-96E3-CBB2617630AA}"
EndProject
Project("{FAE04EC0-301F-11D3-BF4B-00C04F79EFBC}") = "CharityHub.Tests", "test\CharityHub.Tests\CharityHub.Tests.csproj", "{9444650A-C41B-4693-9650-1568C3149285}"
EndProject
Project("{FAE04EC0-301F-11D3-BF4B-00C04F79EFBC}") = "CharityHub.AspireHost", "CharityHub.AspireHost\CharityHub.AspireHost.csproj", "{6FF0911C-2E81-4A93-BE72-19BCD8B50797}"
EndProject
Global
	GlobalSection(SolutionConfigurationPlatforms) = preSolution
		Debug|Any CPU = Debug|Any CPU
		Release|Any CPU = Release|Any CPU
	EndGlobalSection
	GlobalSection(ProjectConfigurationPlatforms) = postSolution
		{44D5B9FB-8977-4E8E-BEC6-FE96A23622BA}.Debug|Any CPU.ActiveCfg = Debug|Any CPU
		{44D5B9FB-8977-4E8E-BEC6-FE96A23622BA}.Debug|Any CPU.Build.0 = Debug|Any CPU
		{44D5B9FB-8977-4E8E-BEC6-FE96A23622BA}.Release|Any CPU.ActiveCfg = Release|Any CPU
		{44D5B9FB-8977-4E8E-BEC6-FE96A23622BA}.Release|Any CPU.Build.0 = Release|Any CPU
		{A5034656-05E5-4CD2-B5BE-0165D6C13F55}.Debug|Any CPU.ActiveCfg = Debug|Any CPU
		{A5034656-05E5-4CD2-B5BE-0165D6C13F55}.Debug|Any CPU.Build.0 = Debug|Any CPU
		{A5034656-05E5-4CD2-B5BE-0165D6C13F55}.Release|Any CPU.ActiveCfg = Release|Any CPU
		{A5034656-05E5-4CD2-B5BE-0165D6C13F55}.Release|Any CPU.Build.0 = Release|Any CPU
		{3B0F58EE-A021-4568-8A43-B8814B179C4E}.Debug|Any CPU.ActiveCfg = Debug|Any CPU
		{3B0F58EE-A021-4568-8A43-B8814B179C4E}.Debug|Any CPU.Build.0 = Debug|Any CPU
		{3B0F58EE-A021-4568-8A43-B8814B179C4E}.Release|Any CPU.ActiveCfg = Release|Any CPU
		{3B0F58EE-A021-4568-8A43-B8814B179C4E}.Release|Any CPU.Build.0 = Release|Any CPU
		{F807D6B9-4837-4AF5-8A56-BC934D8F60E4}.Debug|Any CPU.ActiveCfg = Debug|Any CPU
		{F807D6B9-4837-4AF5-8A56-BC934D8F60E4}.Debug|Any CPU.Build.0 = Debug|Any CPU
		{F807D6B9-4837-4AF5-8A56-BC934D8F60E4}.Release|Any CPU.ActiveCfg = Release|Any CPU
		{F807D6B9-4837-4AF5-8A56-BC934D8F60E4}.Release|Any CPU.Build.0 = Release|Any CPU
		{C4146EFC-D008-40DB-A7A4-301611F60485}.Debug|Any CPU.ActiveCfg = Debug|Any CPU
		{C4146EFC-D008-40DB-A7A4-301611F60485}.Debug|Any CPU.Build.0 = Debug|Any CPU
		{C4146EFC-D008-40DB-A7A4-301611F60485}.Release|Any CPU.ActiveCfg = Release|Any CPU
		{C4146EFC-D008-40DB-A7A4-301611F60485}.Release|Any CPU.Build.0 = Release|Any CPU
		{E593084A-F075-4995-8946-18F156F6731B}.Debug|Any CPU.ActiveCfg = Debug|Any CPU
		{E593084A-F075-4995-8946-18F156F6731B}.Debug|Any CPU.Build.0 = Debug|Any CPU
		{E593084A-F075-4995-8946-18F156F6731B}.Release|Any CPU.ActiveCfg = Release|Any CPU
		{E593084A-F075-4995-8946-18F156F6731B}.Release|Any CPU.Build.0 = Release|Any CPU
		{B6C42D48-7E44-4502-BE30-43C3D5C9D908}.Debug|Any CPU.ActiveCfg = Debug|Any CPU
		{B6C42D48-7E44-4502-BE30-43C3D5C9D908}.Debug|Any CPU.Build.0 = Debug|Any CPU
		{B6C42D48-7E44-4502-BE30-43C3D5C9D908}.Release|Any CPU.ActiveCfg = Release|Any CPU
		{B6C42D48-7E44-4502-BE30-43C3D5C9D908}.Release|Any CPU.Build.0 = Release|Any CPU
		{D00748D7-A9E7-4D3C-96E3-CBB2617630AA}.Debug|Any CPU.ActiveCfg = Debug|Any CPU
		{D00748D7-A9E7-4D3C-96E3-CBB2617630AA}.Debug|Any CPU.Build.0 = Debug|Any CPU
		{D00748D7-A9E7-4D3C-96E3-CBB2617630AA}.Release|Any CPU.ActiveCfg = Release|Any CPU
		{D00748D7-A9E7-4D3C-96E3-CBB2617630AA}.Release|Any CPU.Build.0 = Release|Any CPU
		{9444650A-C41B-4693-9650-1568C3149285}.Debug|Any CPU.ActiveCfg = Debug|Any CPU
		{9444650A-C41B-4693-9650-1568C3149285}.Debug|Any CPU.Build.0 = Debug|Any CPU
		{9444650A-C41B-4693-9650-1568C3149285}.Release|Any CPU.ActiveCfg = Release|Any CPU
		{9444650A-C41B-4693-9650-1568C3149285}.Release|Any CPU.Build.0 = Release|Any CPU
		{6FF0911C-2E81-4A93-BE72-19BCD8B50797}.Debug|Any CPU.ActiveCfg = Debug|Any CPU
		{6FF0911C-2E81-4A93-BE72-19BCD8B50797}.Debug|Any CPU.Build.0 = Debug|Any CPU
		{6FF0911C-2E81-4A93-BE72-19BCD8B50797}.Release|Any CPU.ActiveCfg = Release|Any CPU
		{6FF0911C-2E81-4A93-BE72-19BCD8B50797}.Release|Any CPU.Build.0 = Release|Any CPU
	EndGlobalSection
	GlobalSection(SolutionProperties) = preSolution
		HideSolutionNode = FALSE
	EndGlobalSection
	GlobalSection(NestedProjects) = preSolution
		{1E6702BA-5BF7-4C00-B4A7-BDE716AD1EB4} = {071D69FF-3B36-4989-B809-BD2704302862}
		{8941230E-E410-400C-9BD5-6ED9488E6C63} = {071D69FF-3B36-4989-B809-BD2704302862}
		{B8700A87-A480-44ED-971F-0909CDEC72A3} = {071D69FF-3B36-4989-B809-BD2704302862}
		{C3E0D83C-796A-4E39-BE62-2869365E7FBF} = {071D69FF-3B36-4989-B809-BD2704302862}
		{44D5B9FB-8977-4E8E-BEC6-FE96A23622BA} = {1E6702BA-5BF7-4C00-B4A7-BDE716AD1EB4}
		{A5034656-05E5-4CD2-B5BE-0165D6C13F55} = {1E6702BA-5BF7-4C00-B4A7-BDE716AD1EB4}
		{3B0F58EE-A021-4568-8A43-B8814B179C4E} = {1E6702BA-5BF7-4C00-B4A7-BDE716AD1EB4}
		{F807D6B9-4837-4AF5-8A56-BC934D8F60E4} = {1E6702BA-5BF7-4C00-B4A7-BDE716AD1EB4}
		{C4146EFC-D008-40DB-A7A4-301611F60485} = {8941230E-E410-400C-9BD5-6ED9488E6C63}
		{E593084A-F075-4995-8946-18F156F6731B} = {8941230E-E410-400C-9BD5-6ED9488E6C63}
		{B6C42D48-7E44-4502-BE30-43C3D5C9D908} = {B8700A87-A480-44ED-971F-0909CDEC72A3}
		{D00748D7-A9E7-4D3C-96E3-CBB2617630AA} = {C3E0D83C-796A-4E39-BE62-2869365E7FBF}
		{9444650A-C41B-4693-9650-1568C3149285} = {47F9C06F-1070-4FD2-8B20-F44A4EE89329}
	EndGlobalSection
EndGlobal
