
Microsoft Visual Studio Solution File, Format Version 12.00
# Visual Studio Version 17
VisualStudioVersion = 17.12.35527.113
MinimumVisualStudioVersion = 10.0.40219.1
Project("{FAE04EC0-301F-11D3-BF4B-00C04F79EFBC}") = "CharityHub.AspireHost", "CharityHub.AspireHost\CharityHub.AspireHost.csproj", "{81658F9B-1FED-4CC4-A6DA-47503FD8256E}"
EndProject
Project("{FAE04EC0-301F-11D3-BF4B-00C04F79EFBC}") = "CharityHub.Endpoints", "CharityHub.Endpoints\CharityHub.Endpoints.csproj", "{4D0AD755-F961-446F-80F1-DB670F23F130}"
EndProject
Project("{2150E333-8FDC-42A3-9474-1A3956D46DE8}") = "src", "src", "{071D69FF-3B36-4989-B809-BD2704302862}"
EndProject
Project("{2150E333-8FDC-42A3-9474-1A3956D46DE8}") = "Core", "Core", "{1E6702BA-5BF7-4C00-B4A7-BDE716AD1EB4}"
EndProject
Project("{2150E333-8FDC-42A3-9474-1A3956D46DE8}") = "Infra", "Infra", "{8941230E-E410-400C-9BD5-6ED9488E6C63}"
EndProject
Project("{2150E333-8FDC-42A3-9474-1A3956D46DE8}") = "Presentation", "Presentation", "{B8700A87-A480-44ED-971F-0909CDEC72A3}"
EndProject
Project("{2150E333-8FDC-42A3-9474-1A3956D46DE8}") = "Utils", "Utils", "{C3E0D83C-796A-4E39-BE62-2869365E7FBF}"
EndProject
Project("{2150E333-8FDC-42A3-9474-1A3956D46DE8}") = "test", "test", "{47F9C06F-1070-4FD2-8B20-F44A4EE89329}"
EndProject
Project("{FAE04EC0-301F-11D3-BF4B-00C04F79EFBC}") = "CharityHub.Tests", "CharityHub.Tests\CharityHub.Tests.csproj", "{33262DF0-429D-4346-A67A-2B3FA7991659}"
EndProject
Project("{FAE04EC0-301F-11D3-BF4B-00C04F79EFBC}") = "CharityHub.Core.Application", "CharityHub.Core.Application\CharityHub.Core.Application.csproj", "{63B59562-BD04-4716-894D-AEC1A52EDBD2}"
EndProject
Project("{FAE04EC0-301F-11D3-BF4B-00C04F79EFBC}") = "CharityHub.Core.Contract", "CharityHub.Core.Contract\CharityHub.Core.Contract.csproj", "{9F3EE15D-D196-4C56-9D21-1AA55AC731B3}"
EndProject
Project("{FAE04EC0-301F-11D3-BF4B-00C04F79EFBC}") = "CharityHub.Core.Domain", "CharityHub.Core.Domain\CharityHub.Core.Domain.csproj", "{D92FE84A-36B4-475B-BC87-FE5FC5F443FC}"
EndProject
Project("{FAE04EC0-301F-11D3-BF4B-00C04F79EFBC}") = "CharityHub.Core.DomainService", "CharityHub.Core.DomainService\CharityHub.Core.DomainService.csproj", "{80F669D9-61A7-4380-836B-C584EC199584}"
EndProject
Project("{FAE04EC0-301F-11D3-BF4B-00C04F79EFBC}") = "CharityHub.Infra.Sql", "CharityHub.Infra.Sql\CharityHub.Infra.Sql.csproj", "{10AC67B9-9138-4245-B3CB-06C45EE2B878}"
EndProject
Project("{FAE04EC0-301F-11D3-BF4B-00C04F79EFBC}") = "CharityHub.Infra.Identity", "CharityHub.Infra.Identity\CharityHub.Infra.Identity.csproj", "{3436A775-E8E2-4418-B832-1679EC996E4D}"
EndProject
Project("{FAE04EC0-301F-11D3-BF4B-00C04F79EFBC}") = "CharityHub.Utils.Extensions", "CharityHub.Utils.Extensions\CharityHub.Utils.Extensions.csproj", "{2DCA15AD-35BF-4A4A-A491-5E94D4394D68}"
EndProject
Global
	GlobalSection(SolutionConfigurationPlatforms) = preSolution
		Debug|Any CPU = Debug|Any CPU
		Release|Any CPU = Release|Any CPU
	EndGlobalSection
	GlobalSection(ProjectConfigurationPlatforms) = postSolution
		{81658F9B-1FED-4CC4-A6DA-47503FD8256E}.Debug|Any CPU.ActiveCfg = Debug|Any CPU
		{81658F9B-1FED-4CC4-A6DA-47503FD8256E}.Debug|Any CPU.Build.0 = Debug|Any CPU
		{81658F9B-1FED-4CC4-A6DA-47503FD8256E}.Release|Any CPU.ActiveCfg = Release|Any CPU
		{81658F9B-1FED-4CC4-A6DA-47503FD8256E}.Release|Any CPU.Build.0 = Release|Any CPU
		{4D0AD755-F961-446F-80F1-DB670F23F130}.Debug|Any CPU.ActiveCfg = Debug|Any CPU
		{4D0AD755-F961-446F-80F1-DB670F23F130}.Debug|Any CPU.Build.0 = Debug|Any CPU
		{4D0AD755-F961-446F-80F1-DB670F23F130}.Release|Any CPU.ActiveCfg = Release|Any CPU
		{4D0AD755-F961-446F-80F1-DB670F23F130}.Release|Any CPU.Build.0 = Release|Any CPU
		{33262DF0-429D-4346-A67A-2B3FA7991659}.Debug|Any CPU.ActiveCfg = Debug|Any CPU
		{33262DF0-429D-4346-A67A-2B3FA7991659}.Debug|Any CPU.Build.0 = Debug|Any CPU
		{33262DF0-429D-4346-A67A-2B3FA7991659}.Release|Any CPU.ActiveCfg = Release|Any CPU
		{33262DF0-429D-4346-A67A-2B3FA7991659}.Release|Any CPU.Build.0 = Release|Any CPU
		{63B59562-BD04-4716-894D-AEC1A52EDBD2}.Debug|Any CPU.ActiveCfg = Debug|Any CPU
		{63B59562-BD04-4716-894D-AEC1A52EDBD2}.Debug|Any CPU.Build.0 = Debug|Any CPU
		{63B59562-BD04-4716-894D-AEC1A52EDBD2}.Release|Any CPU.ActiveCfg = Release|Any CPU
		{63B59562-BD04-4716-894D-AEC1A52EDBD2}.Release|Any CPU.Build.0 = Release|Any CPU
		{9F3EE15D-D196-4C56-9D21-1AA55AC731B3}.Debug|Any CPU.ActiveCfg = Debug|Any CPU
		{9F3EE15D-D196-4C56-9D21-1AA55AC731B3}.Debug|Any CPU.Build.0 = Debug|Any CPU
		{9F3EE15D-D196-4C56-9D21-1AA55AC731B3}.Release|Any CPU.ActiveCfg = Release|Any CPU
		{9F3EE15D-D196-4C56-9D21-1AA55AC731B3}.Release|Any CPU.Build.0 = Release|Any CPU
		{D92FE84A-36B4-475B-BC87-FE5FC5F443FC}.Debug|Any CPU.ActiveCfg = Debug|Any CPU
		{D92FE84A-36B4-475B-BC87-FE5FC5F443FC}.Debug|Any CPU.Build.0 = Debug|Any CPU
		{D92FE84A-36B4-475B-BC87-FE5FC5F443FC}.Release|Any CPU.ActiveCfg = Release|Any CPU
		{D92FE84A-36B4-475B-BC87-FE5FC5F443FC}.Release|Any CPU.Build.0 = Release|Any CPU
		{80F669D9-61A7-4380-836B-C584EC199584}.Debug|Any CPU.ActiveCfg = Debug|Any CPU
		{80F669D9-61A7-4380-836B-C584EC199584}.Debug|Any CPU.Build.0 = Debug|Any CPU
		{80F669D9-61A7-4380-836B-C584EC199584}.Release|Any CPU.ActiveCfg = Release|Any CPU
		{80F669D9-61A7-4380-836B-C584EC199584}.Release|Any CPU.Build.0 = Release|Any CPU
		{10AC67B9-9138-4245-B3CB-06C45EE2B878}.Debug|Any CPU.ActiveCfg = Debug|Any CPU
		{10AC67B9-9138-4245-B3CB-06C45EE2B878}.Debug|Any CPU.Build.0 = Debug|Any CPU
		{10AC67B9-9138-4245-B3CB-06C45EE2B878}.Release|Any CPU.ActiveCfg = Release|Any CPU
		{10AC67B9-9138-4245-B3CB-06C45EE2B878}.Release|Any CPU.Build.0 = Release|Any CPU
		{3436A775-E8E2-4418-B832-1679EC996E4D}.Debug|Any CPU.ActiveCfg = Debug|Any CPU
		{3436A775-E8E2-4418-B832-1679EC996E4D}.Debug|Any CPU.Build.0 = Debug|Any CPU
		{3436A775-E8E2-4418-B832-1679EC996E4D}.Release|Any CPU.ActiveCfg = Release|Any CPU
		{3436A775-E8E2-4418-B832-1679EC996E4D}.Release|Any CPU.Build.0 = Release|Any CPU
		{2DCA15AD-35BF-4A4A-A491-5E94D4394D68}.Debug|Any CPU.ActiveCfg = Debug|Any CPU
		{2DCA15AD-35BF-4A4A-A491-5E94D4394D68}.Debug|Any CPU.Build.0 = Debug|Any CPU
		{2DCA15AD-35BF-4A4A-A491-5E94D4394D68}.Release|Any CPU.ActiveCfg = Release|Any CPU
		{2DCA15AD-35BF-4A4A-A491-5E94D4394D68}.Release|Any CPU.Build.0 = Release|Any CPU
	EndGlobalSection
	GlobalSection(SolutionProperties) = preSolution
		HideSolutionNode = FALSE
	EndGlobalSection
	GlobalSection(NestedProjects) = preSolution
		{4D0AD755-F961-446F-80F1-DB670F23F130} = {B8700A87-A480-44ED-971F-0909CDEC72A3}
		{1E6702BA-5BF7-4C00-B4A7-BDE716AD1EB4} = {071D69FF-3B36-4989-B809-BD2704302862}
		{8941230E-E410-400C-9BD5-6ED9488E6C63} = {071D69FF-3B36-4989-B809-BD2704302862}
		{B8700A87-A480-44ED-971F-0909CDEC72A3} = {071D69FF-3B36-4989-B809-BD2704302862}
		{C3E0D83C-796A-4E39-BE62-2869365E7FBF} = {071D69FF-3B36-4989-B809-BD2704302862}
		{33262DF0-429D-4346-A67A-2B3FA7991659} = {47F9C06F-1070-4FD2-8B20-F44A4EE89329}
		{63B59562-BD04-4716-894D-AEC1A52EDBD2} = {1E6702BA-5BF7-4C00-B4A7-BDE716AD1EB4}
		{9F3EE15D-D196-4C56-9D21-1AA55AC731B3} = {1E6702BA-5BF7-4C00-B4A7-BDE716AD1EB4}
		{D92FE84A-36B4-475B-BC87-FE5FC5F443FC} = {1E6702BA-5BF7-4C00-B4A7-BDE716AD1EB4}
		{80F669D9-61A7-4380-836B-C584EC199584} = {1E6702BA-5BF7-4C00-B4A7-BDE716AD1EB4}
		{10AC67B9-9138-4245-B3CB-06C45EE2B878} = {8941230E-E410-400C-9BD5-6ED9488E6C63}
		{3436A775-E8E2-4418-B832-1679EC996E4D} = {8941230E-E410-400C-9BD5-6ED9488E6C63}
		{2DCA15AD-35BF-4A4A-A491-5E94D4394D68} = {C3E0D83C-796A-4E39-BE62-2869365E7FBF}
	EndGlobalSection
EndGlobal
